
Microsoft Visual Studio Solution File, Format Version 12.00
# Visual Studio Version 17
VisualStudioVersion = 17.7.34031.279
MinimumVisualStudioVersion = 10.0.40219.1
Project("{9A19103F-16F7-4668-BE54-9A1E7A4F7556}") = "WebMontecastelo", "WebMontecastelo\WebMontecastelo.csproj", "{0C860599-12FD-4705-BB36-0EC3BB8E3361}"
EndProject
Global
	GlobalSection(SolutionConfigurationPlatforms) = preSolution
		Debug|Any CPU = Debug|Any CPU
		Release|Any CPU = Release|Any CPU
	EndGlobalSection
	GlobalSection(ProjectConfigurationPlatforms) = postSolution
		{0C860599-12FD-4705-BB36-0EC3BB8E3361}.Debug|Any CPU.ActiveCfg = Debug|Any CPU
		{0C860599-12FD-4705-BB36-0EC3BB8E3361}.Debug|Any CPU.Build.0 = Debug|Any CPU
		{0C860599-12FD-4705-BB36-0EC3BB8E3361}.Release|Any CPU.ActiveCfg = Release|Any CPU
		{0C860599-12FD-4705-BB36-0EC3BB8E3361}.Release|Any CPU.Build.0 = Release|Any CPU
	EndGlobalSection
	GlobalSection(SolutionProperties) = preSolution
		HideSolutionNode = FALSE
	EndGlobalSection
	GlobalSection(ExtensibilityGlobals) = postSolution
		SolutionGuid = {90BD9270-0404-46B0-BC18-7695FAD5E38B}
	EndGlobalSection
EndGlobal
